// !$*UTF8*$!
{
	archiveVersion = 1;
	classes = {
	};
	objectVersion = 48;
	objects = {

/* Begin PBXBuildFile section */
		43859FF652267BF824944634A138511F /* Foundation.framework in Frameworks */ = {isa = PBXBuildFile; fileRef = 6604A7D69453B4569E4E4827FB9155A9 /* Foundation.framework */; };
		79E4ABD8E45C99EC07409FFF04417FEA /* Pods-12.19-ceshi-dummy.m in Sources */ = {isa = PBXBuildFile; fileRef = B84C1F2D82226D6048235006E6E70481 /* Pods-12.19-ceshi-dummy.m */; };
/* End PBXBuildFile section */

/* Begin PBXFileReference section */
		043473315C57EBA7FD05513AA13BDB7A /* Pods-12.19-ceshi.debug.xcconfig */ = {isa = PBXFileReference; includeInIndex = 1; lastKnownFileType = text.xcconfig; path = "Pods-12.19-ceshi.debug.xcconfig"; sourceTree = "<group>"; };
		4FC59F380263B2E07416B403AB8B7266 /* Pods-12.19-ceshi-acknowledgements.plist */ = {isa = PBXFileReference; includeInIndex = 1; lastKnownFileType = text.plist.xml; path = "Pods-12.19-ceshi-acknowledgements.plist"; sourceTree = "<group>"; };
		6604A7D69453B4569E4E4827FB9155A9 /* Foundation.framework */ = {isa = PBXFileReference; lastKnownFileType = wrapper.framework; name = Foundation.framework; path = Platforms/iPhoneOS.platform/Developer/SDKs/iPhoneOS10.3.sdk/System/Library/Frameworks/Foundation.framework; sourceTree = DEVELOPER_DIR; };
		67EDF50979B1A06C1C381089A7CF3AAB /* Pods-12.19-ceshi-frameworks.sh */ = {isa = PBXFileReference; includeInIndex = 1; lastKnownFileType = text.script.sh; path = "Pods-12.19-ceshi-frameworks.sh"; sourceTree = "<group>"; };
		6A93D2F06B91C8C47FC3815643E34545 /* Pods-12.19-ceshi-resources.sh */ = {isa = PBXFileReference; includeInIndex = 1; lastKnownFileType = text.script.sh; path = "Pods-12.19-ceshi-resources.sh"; sourceTree = "<group>"; };
		6E109BAEE92E0C3CAFE5DF40A37BBADF /* SMS_SDK.framework */ = {isa = PBXFileReference; lastKnownFileType = wrapper.framework; name = SMS_SDK.framework; path = SDK/SMSSDK/SMS_SDK.framework; sourceTree = "<group>"; };
		86C25FBA3DAB543AFE63502891181310 /* MOBFoundationEx.framework */ = {isa = PBXFileReference; lastKnownFileType = wrapper.framework; path = MOBFoundationEx.framework; sourceTree = "<group>"; };
		8F4C30D80A464578EECE1F3407AE6CAA /* Pods-12.19-ceshi-acknowledgements.markdown */ = {isa = PBXFileReference; includeInIndex = 1; lastKnownFileType = text; path = "Pods-12.19-ceshi-acknowledgements.markdown"; sourceTree = "<group>"; };
		93A4A3777CF96A4AAC1D13BA6DCCEA73 /* Podfile */ = {isa = PBXFileReference; explicitFileType = text.script.ruby; includeInIndex = 1; lastKnownFileType = text; name = Podfile; path = ../Podfile; sourceTree = SOURCE_ROOT; xcLanguageSpecificationIdentifier = xcode.lang.ruby; };
		9A222BE0B2EC2046826A70A01A492265 /* MOBFoundation.framework */ = {isa = PBXFileReference; lastKnownFileType = wrapper.framework; path = MOBFoundation.framework; sourceTree = "<group>"; };
		B84C1F2D82226D6048235006E6E70481 /* Pods-12.19-ceshi-dummy.m */ = {isa = PBXFileReference; includeInIndex = 1; lastKnownFileType = sourcecode.c.objc; path = "Pods-12.19-ceshi-dummy.m"; sourceTree = "<group>"; };
		CAA382A790916C3A65E80C97B97290DD /* libPods-12.19-ceshi.a */ = {isa = PBXFileReference; explicitFileType = archive.ar; includeInIndex = 0; name = "libPods-12.19-ceshi.a"; path = "libPods-12.19-ceshi.a"; sourceTree = BUILT_PRODUCTS_DIR; };
		FF1035DB78964B4F54375981E7E03418 /* Pods-12.19-ceshi.release.xcconfig */ = {isa = PBXFileReference; includeInIndex = 1; lastKnownFileType = text.xcconfig; path = "Pods-12.19-ceshi.release.xcconfig"; sourceTree = "<group>"; };
/* End PBXFileReference section */

/* Begin PBXFrameworksBuildPhase section */
		D7DB06D861988ADCF630ACE94898EDAA /* Frameworks */ = {
			isa = PBXFrameworksBuildPhase;
			buildActionMask = 2147483647;
			files = (
				43859FF652267BF824944634A138511F /* Foundation.framework in Frameworks */,
			);
			runOnlyForDeploymentPostprocessing = 0;
		};
/* End PBXFrameworksBuildPhase section */

/* Begin PBXGroup section */
		1B0BDEF9853D56EE138CF8B40BAE7580 /* MOBFoundation */ = {
			isa = PBXGroup;
			children = (
				D5C5FF48B7689C93535E2C963B2F4951 /* Frameworks */,
			);
			name = MOBFoundation;
			path = MOBFoundation;
			sourceTree = "<group>";
		};
		3974FC820C6CD6010AF1D0387B5C896E /* Frameworks */ = {
			isa = PBXGroup;
			children = (
				6E109BAEE92E0C3CAFE5DF40A37BBADF /* SMS_SDK.framework */,
			);
			name = Frameworks;
			sourceTree = "<group>";
		};
		50F2A95CD709AEF19DF36B328E63B8F9 /* Pods */ = {
			isa = PBXGroup;
			children = (
				7C325FF7DF4B08529D13FC3CD9FDD429 /* mob_smssdk */,
				1B0BDEF9853D56EE138CF8B40BAE7580 /* MOBFoundation */,
			);
			name = Pods;
			sourceTree = "<group>";
		};
		7C325FF7DF4B08529D13FC3CD9FDD429 /* mob_smssdk */ = {
			isa = PBXGroup;
			children = (
				3974FC820C6CD6010AF1D0387B5C896E /* Frameworks */,
			);
			name = mob_smssdk;
			path = mob_smssdk;
			sourceTree = "<group>";
		};
		7DB346D0F39D3F0E887471402A8071AB = {
			isa = PBXGroup;
			children = (
				93A4A3777CF96A4AAC1D13BA6DCCEA73 /* Podfile */,
				BC3CA7F9E30CC8F7E2DD044DD34432FC /* Frameworks */,
				50F2A95CD709AEF19DF36B328E63B8F9 /* Pods */,
				FA36C4C6BF99F13EE32E9F9ED696DFF1 /* Products */,
				918A72DE232DD080B437420D0C95A18D /* Targets Support Files */,
			);
			sourceTree = "<group>";
		};
		918A72DE232DD080B437420D0C95A18D /* Targets Support Files */ = {
			isa = PBXGroup;
			children = (
				C75EE8D0F44AB7AB6BE0642FE54A4D18 /* Pods-12.19-ceshi */,
			);
			name = "Targets Support Files";
			sourceTree = "<group>";
		};
		BC3CA7F9E30CC8F7E2DD044DD34432FC /* Frameworks */ = {
			isa = PBXGroup;
			children = (
				D35AF013A5F0BAD4F32504907A52519E /* iOS */,
			);
			name = Frameworks;
			sourceTree = "<group>";
		};
		C75EE8D0F44AB7AB6BE0642FE54A4D18 /* Pods-12.19-ceshi */ = {
			isa = PBXGroup;
			children = (
				8F4C30D80A464578EECE1F3407AE6CAA /* Pods-12.19-ceshi-acknowledgements.markdown */,
				4FC59F380263B2E07416B403AB8B7266 /* Pods-12.19-ceshi-acknowledgements.plist */,
				B84C1F2D82226D6048235006E6E70481 /* Pods-12.19-ceshi-dummy.m */,
				67EDF50979B1A06C1C381089A7CF3AAB /* Pods-12.19-ceshi-frameworks.sh */,
				6A93D2F06B91C8C47FC3815643E34545 /* Pods-12.19-ceshi-resources.sh */,
				043473315C57EBA7FD05513AA13BDB7A /* Pods-12.19-ceshi.debug.xcconfig */,
				FF1035DB78964B4F54375981E7E03418 /* Pods-12.19-ceshi.release.xcconfig */,
			);
			name = "Pods-12.19-ceshi";
			path = "Target Support Files/Pods-12.19-ceshi";
			sourceTree = "<group>";
		};
		D35AF013A5F0BAD4F32504907A52519E /* iOS */ = {
			isa = PBXGroup;
			children = (
				6604A7D69453B4569E4E4827FB9155A9 /* Foundation.framework */,
			);
			name = iOS;
			sourceTree = "<group>";
		};
		D5C5FF48B7689C93535E2C963B2F4951 /* Frameworks */ = {
			isa = PBXGroup;
			children = (
				9A222BE0B2EC2046826A70A01A492265 /* MOBFoundation.framework */,
				86C25FBA3DAB543AFE63502891181310 /* MOBFoundationEx.framework */,
			);
			name = Frameworks;
			sourceTree = "<group>";
		};
		FA36C4C6BF99F13EE32E9F9ED696DFF1 /* Products */ = {
			isa = PBXGroup;
			children = (
				CAA382A790916C3A65E80C97B97290DD /* libPods-12.19-ceshi.a */,
			);
			name = Products;
			sourceTree = "<group>";
		};
/* End PBXGroup section */

/* Begin PBXNativeTarget section */
		BD8CCDDC3EEEE5CED75A6001255BC001 /* Pods-12.19-ceshi */ = {
			isa = PBXNativeTarget;
			buildConfigurationList = 19716EBE57BBBA05044969813485E3A6 /* Build configuration list for PBXNativeTarget "Pods-12.19-ceshi" */;
			buildPhases = (
				08CA2450BBD9596A6B31AEBD9CA2F50A /* Sources */,
				D7DB06D861988ADCF630ACE94898EDAA /* Frameworks */,
			);
			buildRules = (
			);
			dependencies = (
			);
			name = "Pods-12.19-ceshi";
			productName = "Pods-12.19-ceshi";
			productReference = CAA382A790916C3A65E80C97B97290DD /* libPods-12.19-ceshi.a */;
			productType = "com.apple.product-type.library.static";
		};
/* End PBXNativeTarget section */

/* Begin PBXProject section */
		D41D8CD98F00B204E9800998ECF8427E /* Project object */ = {
			isa = PBXProject;
			attributes = {
				LastSwiftUpdateCheck = 0830;
				LastUpgradeCheck = 0700;
			};
			buildConfigurationList = 2D8E8EC45A3A1A1D94AE762CB5028504 /* Build configuration list for PBXProject "Pods" */;
			compatibilityVersion = "Xcode 3.2";
			developmentRegion = English;
			hasScannedForEncodings = 0;
			knownRegions = (
				en,
			);
			mainGroup = 7DB346D0F39D3F0E887471402A8071AB;
			productRefGroup = FA36C4C6BF99F13EE32E9F9ED696DFF1 /* Products */;
			projectDirPath = "";
			projectRoot = "";
			targets = (
				BD8CCDDC3EEEE5CED75A6001255BC001 /* Pods-12.19-ceshi */,
			);
		};
/* End PBXProject section */

/* Begin PBXSourcesBuildPhase section */
		08CA2450BBD9596A6B31AEBD9CA2F50A /* Sources */ = {
			isa = PBXSourcesBuildPhase;
			buildActionMask = 2147483647;
			files = (
				79E4ABD8E45C99EC07409FFF04417FEA /* Pods-12.19-ceshi-dummy.m in Sources */,
			);
			runOnlyForDeploymentPostprocessing = 0;
		};
/* End PBXSourcesBuildPhase section */

/* Begin XCBuildConfiguration section */
		163D87BE96A63549B0EACF1CC31A2E90 /* Debug */ = {
			isa = XCBuildConfiguration;
			buildSettings = {
				ALWAYS_SEARCH_USER_PATHS = NO;
				CLANG_ANALYZER_NONNULL = YES;
				CLANG_ANALYZER_NUMBER_OBJECT_CONVERSION = YES;
				CLANG_CXX_LANGUAGE_STANDARD = "gnu++0x";
				CLANG_CXX_LIBRARY = "libc++";
				CLANG_ENABLE_MODULES = YES;
				CLANG_ENABLE_OBJC_ARC = YES;
				CLANG_WARN_BOOL_CONVERSION = YES;
				CLANG_WARN_CONSTANT_CONVERSION = YES;
				CLANG_WARN_DIRECT_OBJC_ISA_USAGE = YES;
				CLANG_WARN_DOCUMENTATION_COMMENTS = YES;
				CLANG_WARN_EMPTY_BODY = YES;
				CLANG_WARN_ENUM_CONVERSION = YES;
				CLANG_WARN_INFINITE_RECURSION = YES;
				CLANG_WARN_INT_CONVERSION = YES;
				CLANG_WARN_OBJC_ROOT_CLASS = YES;
				CLANG_WARN_SUSPICIOUS_MOVE = YES;
				CLANG_WARN_UNREACHABLE_CODE = YES;
				CLANG_WARN__DUPLICATE_METHOD_MATCH = YES;
				CODE_SIGNING_REQUIRED = NO;
				COPY_PHASE_STRIP = NO;
				ENABLE_TESTABILITY = YES;
				GCC_C_LANGUAGE_STANDARD = gnu99;
				GCC_DYNAMIC_NO_PIC = NO;
				GCC_OPTIMIZATION_LEVEL = 0;
				GCC_PREPROCESSOR_DEFINITIONS = (
					"POD_CONFIGURATION_DEBUG=1",
					"DEBUG=1",
					"$(inherited)",
				);
				GCC_SYMBOLS_PRIVATE_EXTERN = NO;
				GCC_WARN_64_TO_32_BIT_CONVERSION = YES;
				GCC_WARN_ABOUT_RETURN_TYPE = YES;
				GCC_WARN_UNDECLARED_SELECTOR = YES;
				GCC_WARN_UNINITIALIZED_AUTOS = YES;
				GCC_WARN_UNUSED_FUNCTION = YES;
				GCC_WARN_UNUSED_VARIABLE = YES;
				IPHONEOS_DEPLOYMENT_TARGET = 10.3;
				ONLY_ACTIVE_ARCH = YES;
				PROVISIONING_PROFILE_SPECIFIER = NO_SIGNING/;
				STRIP_INSTALLED_PRODUCT = NO;
				SYMROOT = "${SRCROOT}/../build";
			};
			name = Debug;
		};
		707B86CFB21B645E37109F39754D4051 /* Release */ = {
			isa = XCBuildConfiguration;
			buildSettings = {
				ALWAYS_SEARCH_USER_PATHS = NO;
				CLANG_ANALYZER_NONNULL = YES;
				CLANG_ANALYZER_NUMBER_OBJECT_CONVERSION = YES;
				CLANG_CXX_LANGUAGE_STANDARD = "gnu++0x";
				CLANG_CXX_LIBRARY = "libc++";
				CLANG_ENABLE_MODULES = YES;
				CLANG_ENABLE_OBJC_ARC = YES;
				CLANG_WARN_BOOL_CONVERSION = YES;
				CLANG_WARN_CONSTANT_CONVERSION = YES;
				CLANG_WARN_DIRECT_OBJC_ISA_USAGE = YES;
				CLANG_WARN_DOCUMENTATION_COMMENTS = YES;
				CLANG_WARN_EMPTY_BODY = YES;
				CLANG_WARN_ENUM_CONVERSION = YES;
				CLANG_WARN_INFINITE_RECURSION = YES;
				CLANG_WARN_INT_CONVERSION = YES;
				CLANG_WARN_OBJC_ROOT_CLASS = YES;
				CLANG_WARN_SUSPICIOUS_MOVE = YES;
				CLANG_WARN_UNREACHABLE_CODE = YES;
				CLANG_WARN__DUPLICATE_METHOD_MATCH = YES;
				CODE_SIGNING_REQUIRED = NO;
				COPY_PHASE_STRIP = YES;
				ENABLE_NS_ASSERTIONS = NO;
				GCC_C_LANGUAGE_STANDARD = gnu99;
				GCC_PREPROCESSOR_DEFINITIONS = (
					"POD_CONFIGURATION_RELEASE=1",
					"$(inherited)",
				);
				GCC_WARN_64_TO_32_BIT_CONVERSION = YES;
				GCC_WARN_ABOUT_RETURN_TYPE = YES;
				GCC_WARN_UNDECLARED_SELECTOR = YES;
				GCC_WARN_UNINITIALIZED_AUTOS = YES;
				GCC_WARN_UNUSED_FUNCTION = YES;
				GCC_WARN_UNUSED_VARIABLE = YES;
				IPHONEOS_DEPLOYMENT_TARGET = 10.3;
				PROVISIONING_PROFILE_SPECIFIER = NO_SIGNING/;
				STRIP_INSTALLED_PRODUCT = NO;
				SYMROOT = "${SRCROOT}/../build";
				VALIDATE_PRODUCT = YES;
			};
			name = Release;
		};
		7EAF59B115FB5C490C279E014EEECEFB /* Debug */ = {
			isa = XCBuildConfiguration;
			baseConfigurationReference = 043473315C57EBA7FD05513AA13BDB7A /* Pods-12.19-ceshi.debug.xcconfig */;
			buildSettings = {
				"CODE_SIGN_IDENTITY[sdk=appletvos*]" = "";
				"CODE_SIGN_IDENTITY[sdk=iphoneos*]" = "";
				"CODE_SIGN_IDENTITY[sdk=watchos*]" = "";
				DEBUG_INFORMATION_FORMAT = dwarf;
				ENABLE_STRICT_OBJC_MSGSEND = YES;
				GCC_NO_COMMON_BLOCKS = YES;
				IPHONEOS_DEPLOYMENT_TARGET = 10.3;
				MACH_O_TYPE = staticlib;
				MTL_ENABLE_DEBUG_INFO = YES;
				OTHER_LDFLAGS = "";
				OTHER_LIBTOOLFLAGS = "";
				PODS_ROOT = "$(SRCROOT)";
				PRODUCT_BUNDLE_IDENTIFIER = "org.cocoapods.${PRODUCT_NAME:rfc1034identifier}";
				PRODUCT_NAME = "$(TARGET_NAME)";
				SDKROOT = iphoneos;
				SKIP_INSTALL = YES;
			};
			name = Debug;
		};
		9D4593DBEF8DCBB1214BBA37CD2A7D7A /* Release */ = {
			isa = XCBuildConfiguration;
			baseConfigurationReference = FF1035DB78964B4F54375981E7E03418 /* Pods-12.19-ceshi.release.xcconfig */;
			buildSettings = {
				"CODE_SIGN_IDENTITY[sdk=appletvos*]" = "";
				"CODE_SIGN_IDENTITY[sdk=iphoneos*]" = "";
				"CODE_SIGN_IDENTITY[sdk=watchos*]" = "";
				DEBUG_INFORMATION_FORMAT = "dwarf-with-dsym";
				ENABLE_STRICT_OBJC_MSGSEND = YES;
				GCC_NO_COMMON_BLOCKS = YES;
				IPHONEOS_DEPLOYMENT_TARGET = 10.3;
				MACH_O_TYPE = staticlib;
				MTL_ENABLE_DEBUG_INFO = NO;
				OTHER_LDFLAGS = "";
				OTHER_LIBTOOLFLAGS = "";
				PODS_ROOT = "$(SRCROOT)";
				PRODUCT_BUNDLE_IDENTIFIER = "org.cocoapods.${PRODUCT_NAME:rfc1034identifier}";
				PRODUCT_NAME = "$(TARGET_NAME)";
				SDKROOT = iphoneos;
				SKIP_INSTALL = YES;
			};
			name = Release;
		};
/* End XCBuildConfiguration section */

/* Begin XCConfigurationList section */
		19716EBE57BBBA05044969813485E3A6 /* Build configuration list for PBXNativeTarget "Pods-12.19-ceshi" */ = {
			isa = XCConfigurationList;
			buildConfigurations = (
				7EAF59B115FB5C490C279E014EEECEFB /* Debug */,
				9D4593DBEF8DCBB1214BBA37CD2A7D7A /* Release */,
			);
			defaultConfigurationIsVisible = 0;
			defaultConfigurationName = Release;
		};
		2D8E8EC45A3A1A1D94AE762CB5028504 /* Build configuration list for PBXProject "Pods" */ = {
			isa = XCConfigurationList;
			buildConfigurations = (
				163D87BE96A63549B0EACF1CC31A2E90 /* Debug */,
				707B86CFB21B645E37109F39754D4051 /* Release */,
			);
			defaultConfigurationIsVisible = 0;
			defaultConfigurationName = Release;
		};
/* End XCConfigurationList section */
	};
	rootObject = D41D8CD98F00B204E9800998ECF8427E /* Project object */;
}
